
Microsoft Visual Studio Solution File, Format Version 12.00
# Visual Studio Version 17
VisualStudioVersion = 17.0.31903.59
MinimumVisualStudioVersion = 10.0.40219.1
Project("{2150E333-8FDC-42A3-9474-1A3956D46DE8}") = "src", "src", "{827E0CD3-B72D-47B6-A68D-7590B98EB39B}"
EndProject
Project("{FAE04EC0-301F-11D3-BF4B-00C04F79EFBC}") = "WPM.Core", "src\WPM.Core\WPM.Core.csproj", "{706983C2-0EFE-47C0-9AA4-ACBD4FCFB154}"
EndProject
Project("{FAE04EC0-301F-11D3-BF4B-00C04F79EFBC}") = "WPM.Infrastructure", "src\WPM.Infrastructure\WPM.Infrastructure.csproj", "{284BA7FF-D6CD-474C-BB1D-6C11BD5D847E}"
EndProject
Project("{FAE04EC0-301F-11D3-BF4B-00C04F79EFBC}") = "WPM.Api", "src\WPM.Api\WPM.Api.csproj", "{630B51E5-8565-4BBA-A1B6-9DC31183A2EB}"
EndProject
Project("{FAE04EC0-301F-11D3-BF4B-00C04F79EFBC}") = "WPM.Domain.CMS", "src\WPM.Domain.CMS\WPM.Domain.CMS.csproj", "{182606FC-C1B4-405E-9539-689095785E37}"
EndProject
Project("{FAE04EC0-301F-11D3-BF4B-00C04F79EFBC}") = "WPM.Domain.Minerals", "src\WPM.Domain.Minerals\WPM.Domain.Minerals.csproj", "{48670CC5-91C2-44EF-B035-CF007CD8FD07}"
EndProject
Project("{FAE04EC0-301F-11D3-BF4B-00C04F79EFBC}") = "WPM.Domain.Recipes", "src\WPM.Domain.Recipes\WPM.Domain.Recipes.csproj", "{45D97F83-53CE-4A0B-AC08-B8E8BF102345}"
EndProject
Project("{2150E333-8FDC-42A3-9474-1A3956D46DE8}") = "tools", "tools", "{07C2787E-EAC7-C090-1BA3-A61EC2A24D84}"
EndProject
Project("{FAE04EC0-301F-11D3-BF4B-00C04F79EFBC}") = "WPM.Migration", "tools\WPM.Migration\WPM.Migration.csproj", "{09E58422-B59A-420D-BF41-FD2861597DE6}"
EndProject
Project("{2150E333-8FDC-42A3-9474-1A3956D46DE8}") = "tests", "tests", "{0AB3BF05-4346-4AA6-1389-037BE0695223}"
EndProject
Project("{FAE04EC0-301F-11D3-BF4B-00C04F79EFBC}") = "WPM.Core.Tests", "tests\WPM.Core.Tests\WPM.Core.Tests.csproj", "{D3736CF6-BFC7-469B-B5A6-FACC9EC9E305}"
EndProject
Project("{FAE04EC0-301F-11D3-BF4B-00C04F79EFBC}") = "WPM.Infrastructure.Tests", "tests\WPM.Infrastructure.Tests\WPM.Infrastructure.Tests.csproj", "{67C16104-7271-4089-B217-4A641E49C772}"
EndProject
Project("{FAE04EC0-301F-11D3-BF4B-00C04F79EFBC}") = "WPM.Api.Tests", "tests\WPM.Api.Tests\WPM.Api.Tests.csproj", "{B31DCFBD-EC56-4433-B139-11CCA9F67686}"
EndProject
Project("{FAE04EC0-301F-11D3-BF4B-00C04F79EFBC}") = "WPM.Domain.CMS.Tests", "tests\WPM.Domain.CMS.Tests\WPM.Domain.CMS.Tests.csproj", "{D9CAA7EF-9F10-4027-96E9-9C616CA33F95}"
EndProject
Global
	GlobalSection(SolutionConfigurationPlatforms) = preSolution
		Debug|Any CPU = Debug|Any CPU
		Debug|x64 = Debug|x64
		Debug|x86 = Debug|x86
		Release|Any CPU = Release|Any CPU
		Release|x64 = Release|x64
		Release|x86 = Release|x86
	EndGlobalSection
	GlobalSection(ProjectConfigurationPlatforms) = postSolution
		{706983C2-0EFE-47C0-9AA4-ACBD4FCFB154}.Debug|Any CPU.ActiveCfg = Debug|Any CPU
		{706983C2-0EFE-47C0-9AA4-ACBD4FCFB154}.Debug|Any CPU.Build.0 = Debug|Any CPU
		{706983C2-0EFE-47C0-9AA4-ACBD4FCFB154}.Debug|x64.ActiveCfg = Debug|Any CPU
		{706983C2-0EFE-47C0-9AA4-ACBD4FCFB154}.Debug|x64.Build.0 = Debug|Any CPU
		{706983C2-0EFE-47C0-9AA4-ACBD4FCFB154}.Debug|x86.ActiveCfg = Debug|Any CPU
		{706983C2-0EFE-47C0-9AA4-ACBD4FCFB154}.Debug|x86.Build.0 = Debug|Any CPU
		{706983C2-0EFE-47C0-9AA4-ACBD4FCFB154}.Release|Any CPU.ActiveCfg = Release|Any CPU
		{706983C2-0EFE-47C0-9AA4-ACBD4FCFB154}.Release|Any CPU.Build.0 = Release|Any CPU
		{706983C2-0EFE-47C0-9AA4-ACBD4FCFB154}.Release|x64.ActiveCfg = Release|Any CPU
		{706983C2-0EFE-47C0-9AA4-ACBD4FCFB154}.Release|x64.Build.0 = Release|Any CPU
		{706983C2-0EFE-47C0-9AA4-ACBD4FCFB154}.Release|x86.ActiveCfg = Release|Any CPU
		{706983C2-0EFE-47C0-9AA4-ACBD4FCFB154}.Release|x86.Build.0 = Release|Any CPU
		{284BA7FF-D6CD-474C-BB1D-6C11BD5D847E}.Debug|Any CPU.ActiveCfg = Debug|Any CPU
		{284BA7FF-D6CD-474C-BB1D-6C11BD5D847E}.Debug|Any CPU.Build.0 = Debug|Any CPU
		{284BA7FF-D6CD-474C-BB1D-6C11BD5D847E}.Debug|x64.ActiveCfg = Debug|Any CPU
		{284BA7FF-D6CD-474C-BB1D-6C11BD5D847E}.Debug|x64.Build.0 = Debug|Any CPU
		{284BA7FF-D6CD-474C-BB1D-6C11BD5D847E}.Debug|x86.ActiveCfg = Debug|Any CPU
		{284BA7FF-D6CD-474C-BB1D-6C11BD5D847E}.Debug|x86.Build.0 = Debug|Any CPU
		{284BA7FF-D6CD-474C-BB1D-6C11BD5D847E}.Release|Any CPU.ActiveCfg = Release|Any CPU
		{284BA7FF-D6CD-474C-BB1D-6C11BD5D847E}.Release|Any CPU.Build.0 = Release|Any CPU
		{284BA7FF-D6CD-474C-BB1D-6C11BD5D847E}.Release|x64.ActiveCfg = Release|Any CPU
		{284BA7FF-D6CD-474C-BB1D-6C11BD5D847E}.Release|x64.Build.0 = Release|Any CPU
		{284BA7FF-D6CD-474C-BB1D-6C11BD5D847E}.Release|x86.ActiveCfg = Release|Any CPU
		{284BA7FF-D6CD-474C-BB1D-6C11BD5D847E}.Release|x86.Build.0 = Release|Any CPU
		{630B51E5-8565-4BBA-A1B6-9DC31183A2EB}.Debug|Any CPU.ActiveCfg = Debug|Any CPU
		{630B51E5-8565-4BBA-A1B6-9DC31183A2EB}.Debug|Any CPU.Build.0 = Debug|Any CPU
		{630B51E5-8565-4BBA-A1B6-9DC31183A2EB}.Debug|x64.ActiveCfg = Debug|Any CPU
		{630B51E5-8565-4BBA-A1B6-9DC31183A2EB}.Debug|x64.Build.0 = Debug|Any CPU
		{630B51E5-8565-4BBA-A1B6-9DC31183A2EB}.Debug|x86.ActiveCfg = Debug|Any CPU
		{630B51E5-8565-4BBA-A1B6-9DC31183A2EB}.Debug|x86.Build.0 = Debug|Any CPU
		{630B51E5-8565-4BBA-A1B6-9DC31183A2EB}.Release|Any CPU.ActiveCfg = Release|Any CPU
		{630B51E5-8565-4BBA-A1B6-9DC31183A2EB}.Release|Any CPU.Build.0 = Release|Any CPU
		{630B51E5-8565-4BBA-A1B6-9DC31183A2EB}.Release|x64.ActiveCfg = Release|Any CPU
		{630B51E5-8565-4BBA-A1B6-9DC31183A2EB}.Release|x64.Build.0 = Release|Any CPU
		{630B51E5-8565-4BBA-A1B6-9DC31183A2EB}.Release|x86.ActiveCfg = Release|Any CPU
		{630B51E5-8565-4BBA-A1B6-9DC31183A2EB}.Release|x86.Build.0 = Release|Any CPU
		{182606FC-C1B4-405E-9539-689095785E37}.Debug|Any CPU.ActiveCfg = Debug|Any CPU
		{182606FC-C1B4-405E-9539-689095785E37}.Debug|Any CPU.Build.0 = Debug|Any CPU
		{182606FC-C1B4-405E-9539-689095785E37}.Debug|x64.ActiveCfg = Debug|Any CPU
		{182606FC-C1B4-405E-9539-689095785E37}.Debug|x64.Build.0 = Debug|Any CPU
		{182606FC-C1B4-405E-9539-689095785E37}.Debug|x86.ActiveCfg = Debug|Any CPU
		{182606FC-C1B4-405E-9539-689095785E37}.Debug|x86.Build.0 = Debug|Any CPU
		{182606FC-C1B4-405E-9539-689095785E37}.Release|Any CPU.ActiveCfg = Release|Any CPU
		{182606FC-C1B4-405E-9539-689095785E37}.Release|Any CPU.Build.0 = Release|Any CPU
		{182606FC-C1B4-405E-9539-689095785E37}.Release|x64.ActiveCfg = Release|Any CPU
		{182606FC-C1B4-405E-9539-689095785E37}.Release|x64.Build.0 = Release|Any CPU
		{182606FC-C1B4-405E-9539-689095785E37}.Release|x86.ActiveCfg = Release|Any CPU
		{182606FC-C1B4-405E-9539-689095785E37}.Release|x86.Build.0 = Release|Any CPU
		{48670CC5-91C2-44EF-B035-CF007CD8FD07}.Debug|Any CPU.ActiveCfg = Debug|Any CPU
		{48670CC5-91C2-44EF-B035-CF007CD8FD07}.Debug|Any CPU.Build.0 = Debug|Any CPU
		{48670CC5-91C2-44EF-B035-CF007CD8FD07}.Debug|x64.ActiveCfg = Debug|Any CPU
		{48670CC5-91C2-44EF-B035-CF007CD8FD07}.Debug|x64.Build.0 = Debug|Any CPU
		{48670CC5-91C2-44EF-B035-CF007CD8FD07}.Debug|x86.ActiveCfg = Debug|Any CPU
		{48670CC5-91C2-44EF-B035-CF007CD8FD07}.Debug|x86.Build.0 = Debug|Any CPU
		{48670CC5-91C2-44EF-B035-CF007CD8FD07}.Release|Any CPU.ActiveCfg = Release|Any CPU
		{48670CC5-91C2-44EF-B035-CF007CD8FD07}.Release|Any CPU.Build.0 = Release|Any CPU
		{48670CC5-91C2-44EF-B035-CF007CD8FD07}.Release|x64.ActiveCfg = Release|Any CPU
		{48670CC5-91C2-44EF-B035-CF007CD8FD07}.Release|x64.Build.0 = Release|Any CPU
		{48670CC5-91C2-44EF-B035-CF007CD8FD07}.Release|x86.ActiveCfg = Release|Any CPU
		{48670CC5-91C2-44EF-B035-CF007CD8FD07}.Release|x86.Build.0 = Release|Any CPU
		{45D97F83-53CE-4A0B-AC08-B8E8BF102345}.Debug|Any CPU.ActiveCfg = Debug|Any CPU
		{45D97F83-53CE-4A0B-AC08-B8E8BF102345}.Debug|Any CPU.Build.0 = Debug|Any CPU
		{45D97F83-53CE-4A0B-AC08-B8E8BF102345}.Debug|x64.ActiveCfg = Debug|Any CPU
		{45D97F83-53CE-4A0B-AC08-B8E8BF102345}.Debug|x64.Build.0 = Debug|Any CPU
		{45D97F83-53CE-4A0B-AC08-B8E8BF102345}.Debug|x86.ActiveCfg = Debug|Any CPU
		{45D97F83-53CE-4A0B-AC08-B8E8BF102345}.Debug|x86.Build.0 = Debug|Any CPU
		{45D97F83-53CE-4A0B-AC08-B8E8BF102345}.Release|Any CPU.ActiveCfg = Release|Any CPU
		{45D97F83-53CE-4A0B-AC08-B8E8BF102345}.Release|Any CPU.Build.0 = Release|Any CPU
		{45D97F83-53CE-4A0B-AC08-B8E8BF102345}.Release|x64.ActiveCfg = Release|Any CPU
		{45D97F83-53CE-4A0B-AC08-B8E8BF102345}.Release|x64.Build.0 = Release|Any CPU
		{45D97F83-53CE-4A0B-AC08-B8E8BF102345}.Release|x86.ActiveCfg = Release|Any CPU
		{45D97F83-53CE-4A0B-AC08-B8E8BF102345}.Release|x86.Build.0 = Release|Any CPU
		{09E58422-B59A-420D-BF41-FD2861597DE6}.Debug|Any CPU.ActiveCfg = Debug|Any CPU
		{09E58422-B59A-420D-BF41-FD2861597DE6}.Debug|Any CPU.Build.0 = Debug|Any CPU
		{09E58422-B59A-420D-BF41-FD2861597DE6}.Debug|x64.ActiveCfg = Debug|Any CPU
		{09E58422-B59A-420D-BF41-FD2861597DE6}.Debug|x64.Build.0 = Debug|Any CPU
		{09E58422-B59A-420D-BF41-FD2861597DE6}.Debug|x86.ActiveCfg = Debug|Any CPU
		{09E58422-B59A-420D-BF41-FD2861597DE6}.Debug|x86.Build.0 = Debug|Any CPU
		{09E58422-B59A-420D-BF41-FD2861597DE6}.Release|Any CPU.ActiveCfg = Release|Any CPU
		{09E58422-B59A-420D-BF41-FD2861597DE6}.Release|Any CPU.Build.0 = Release|Any CPU
		{09E58422-B59A-420D-BF41-FD2861597DE6}.Release|x64.ActiveCfg = Release|Any CPU
		{09E58422-B59A-420D-BF41-FD2861597DE6}.Release|x64.Build.0 = Release|Any CPU
		{09E58422-B59A-420D-BF41-FD2861597DE6}.Release|x86.ActiveCfg = Release|Any CPU
		{09E58422-B59A-420D-BF41-FD2861597DE6}.Release|x86.Build.0 = Release|Any CPU
		{D3736CF6-BFC7-469B-B5A6-FACC9EC9E305}.Debug|Any CPU.ActiveCfg = Debug|Any CPU
		{D3736CF6-BFC7-469B-B5A6-FACC9EC9E305}.Debug|Any CPU.Build.0 = Debug|Any CPU
		{D3736CF6-BFC7-469B-B5A6-FACC9EC9E305}.Debug|x64.ActiveCfg = Debug|Any CPU
		{D3736CF6-BFC7-469B-B5A6-FACC9EC9E305}.Debug|x64.Build.0 = Debug|Any CPU
		{D3736CF6-BFC7-469B-B5A6-FACC9EC9E305}.Debug|x86.ActiveCfg = Debug|Any CPU
		{D3736CF6-BFC7-469B-B5A6-FACC9EC9E305}.Debug|x86.Build.0 = Debug|Any CPU
		{D3736CF6-BFC7-469B-B5A6-FACC9EC9E305}.Release|Any CPU.ActiveCfg = Release|Any CPU
		{D3736CF6-BFC7-469B-B5A6-FACC9EC9E305}.Release|Any CPU.Build.0 = Release|Any CPU
		{D3736CF6-BFC7-469B-B5A6-FACC9EC9E305}.Release|x64.ActiveCfg = Release|Any CPU
		{D3736CF6-BFC7-469B-B5A6-FACC9EC9E305}.Release|x64.Build.0 = Release|Any CPU
		{D3736CF6-BFC7-469B-B5A6-FACC9EC9E305}.Release|x86.ActiveCfg = Release|Any CPU
		{D3736CF6-BFC7-469B-B5A6-FACC9EC9E305}.Release|x86.Build.0 = Release|Any CPU
		{67C16104-7271-4089-B217-4A641E49C772}.Debug|Any CPU.ActiveCfg = Debug|Any CPU
		{67C16104-7271-4089-B217-4A641E49C772}.Debug|Any CPU.Build.0 = Debug|Any CPU
		{67C16104-7271-4089-B217-4A641E49C772}.Debug|x64.ActiveCfg = Debug|Any CPU
		{67C16104-7271-4089-B217-4A641E49C772}.Debug|x64.Build.0 = Debug|Any CPU
		{67C16104-7271-4089-B217-4A641E49C772}.Debug|x86.ActiveCfg = Debug|Any CPU
		{67C16104-7271-4089-B217-4A641E49C772}.Debug|x86.Build.0 = Debug|Any CPU
		{67C16104-7271-4089-B217-4A641E49C772}.Release|Any CPU.ActiveCfg = Release|Any CPU
		{67C16104-7271-4089-B217-4A641E49C772}.Release|Any CPU.Build.0 = Release|Any CPU
		{67C16104-7271-4089-B217-4A641E49C772}.Release|x64.ActiveCfg = Release|Any CPU
		{67C16104-7271-4089-B217-4A641E49C772}.Release|x64.Build.0 = Release|Any CPU
		{67C16104-7271-4089-B217-4A641E49C772}.Release|x86.ActiveCfg = Release|Any CPU
		{67C16104-7271-4089-B217-4A641E49C772}.Release|x86.Build.0 = Release|Any CPU
		{B31DCFBD-EC56-4433-B139-11CCA9F67686}.Debug|Any CPU.ActiveCfg = Debug|Any CPU
		{B31DCFBD-EC56-4433-B139-11CCA9F67686}.Debug|Any CPU.Build.0 = Debug|Any CPU
		{B31DCFBD-EC56-4433-B139-11CCA9F67686}.Debug|x64.ActiveCfg = Debug|Any CPU
		{B31DCFBD-EC56-4433-B139-11CCA9F67686}.Debug|x64.Build.0 = Debug|Any CPU
		{B31DCFBD-EC56-4433-B139-11CCA9F67686}.Debug|x86.ActiveCfg = Debug|Any CPU
		{B31DCFBD-EC56-4433-B139-11CCA9F67686}.Debug|x86.Build.0 = Debug|Any CPU
		{B31DCFBD-EC56-4433-B139-11CCA9F67686}.Release|Any CPU.ActiveCfg = Release|Any CPU
		{B31DCFBD-EC56-4433-B139-11CCA9F67686}.Release|Any CPU.Build.0 = Release|Any CPU
		{B31DCFBD-EC56-4433-B139-11CCA9F67686}.Release|x64.ActiveCfg = Release|Any CPU
		{B31DCFBD-EC56-4433-B139-11CCA9F67686}.Release|x64.Build.0 = Release|Any CPU
		{B31DCFBD-EC56-4433-B139-11CCA9F67686}.Release|x86.ActiveCfg = Release|Any CPU
		{B31DCFBD-EC56-4433-B139-11CCA9F67686}.Release|x86.Build.0 = Release|Any CPU
		{D9CAA7EF-9F10-4027-96E9-9C616CA33F95}.Debug|Any CPU.ActiveCfg = Debug|Any CPU
		{D9CAA7EF-9F10-4027-96E9-9C616CA33F95}.Debug|Any CPU.Build.0 = Debug|Any CPU
		{D9CAA7EF-9F10-4027-96E9-9C616CA33F95}.Debug|x64.ActiveCfg = Debug|Any CPU
		{D9CAA7EF-9F10-4027-96E9-9C616CA33F95}.Debug|x64.Build.0 = Debug|Any CPU
		{D9CAA7EF-9F10-4027-96E9-9C616CA33F95}.Debug|x86.ActiveCfg = Debug|Any CPU
		{D9CAA7EF-9F10-4027-96E9-9C616CA33F95}.Debug|x86.Build.0 = Debug|Any CPU
		{D9CAA7EF-9F10-4027-96E9-9C616CA33F95}.Release|Any CPU.ActiveCfg = Release|Any CPU
		{D9CAA7EF-9F10-4027-96E9-9C616CA33F95}.Release|Any CPU.Build.0 = Release|Any CPU
		{D9CAA7EF-9F10-4027-96E9-9C616CA33F95}.Release|x64.ActiveCfg = Release|Any CPU
		{D9CAA7EF-9F10-4027-96E9-9C616CA33F95}.Release|x64.Build.0 = Release|Any CPU
		{D9CAA7EF-9F10-4027-96E9-9C616CA33F95}.Release|x86.ActiveCfg = Release|Any CPU
		{D9CAA7EF-9F10-4027-96E9-9C616CA33F95}.Release|x86.Build.0 = Release|Any CPU
	EndGlobalSection
	GlobalSection(SolutionProperties) = preSolution
		HideSolutionNode = FALSE
	EndGlobalSection
	GlobalSection(NestedProjects) = preSolution
		{706983C2-0EFE-47C0-9AA4-ACBD4FCFB154} = {827E0CD3-B72D-47B6-A68D-7590B98EB39B}
		{284BA7FF-D6CD-474C-BB1D-6C11BD5D847E} = {827E0CD3-B72D-47B6-A68D-7590B98EB39B}
		{630B51E5-8565-4BBA-A1B6-9DC31183A2EB} = {827E0CD3-B72D-47B6-A68D-7590B98EB39B}
		{182606FC-C1B4-405E-9539-689095785E37} = {827E0CD3-B72D-47B6-A68D-7590B98EB39B}
		{48670CC5-91C2-44EF-B035-CF007CD8FD07} = {827E0CD3-B72D-47B6-A68D-7590B98EB39B}
		{45D97F83-53CE-4A0B-AC08-B8E8BF102345} = {827E0CD3-B72D-47B6-A68D-7590B98EB39B}
		{09E58422-B59A-420D-BF41-FD2861597DE6} = {07C2787E-EAC7-C090-1BA3-A61EC2A24D84}
		{D3736CF6-BFC7-469B-B5A6-FACC9EC9E305} = {0AB3BF05-4346-4AA6-1389-037BE0695223}
		{67C16104-7271-4089-B217-4A641E49C772} = {0AB3BF05-4346-4AA6-1389-037BE0695223}
		{B31DCFBD-EC56-4433-B139-11CCA9F67686} = {0AB3BF05-4346-4AA6-1389-037BE0695223}
		{D9CAA7EF-9F10-4027-96E9-9C616CA33F95} = {0AB3BF05-4346-4AA6-1389-037BE0695223}
	EndGlobalSection
EndGlobal
