
Microsoft Visual Studio Solution File, Format Version 12.00
# Visual Studio 2013
VisualStudioVersion = 12.0.31101.0
MinimumVisualStudioVersion = 10.0.40219.1
Project("{E24C65DC-7377-472B-9ABA-BC803B73C61A}") = "WebSite(1)", "http://localhost:1846", "{C47998D1-7CB9-42C3-B043-5DDBB377B013}"
	ProjectSection(WebsiteProperties) = preProject
		UseIISExpress = "true"
		TargetFrameworkMoniker = ".NETFramework,Version%3Dv4.5"
		ProjectReferences = "{dfc8d22e-84d9-4d6a-9d61-e8f1a20e8a17}|WebProjectMechanics.dll;{e3b83d68-c90c-4874-8e5f-dec8d038bc7c}|LumenWorks.Framework.IO.dll;{d20ef1b8-0aa6-44d4-9dcb-8c5c406aad2d}|RssToolkit.dll;{317a159c-13eb-4979-b1ac-ad81a72c2dd0}|WPMRecipe.dll;{bc4d92ad-875f-430a-afa4-b70da422700f}|wpmMineralCollection.dll;{7a0f4560-3bea-4487-8575-0852bbb561a6}|LINQHelper.dll;{de007689-7392-4a0a-a26e-8ceb2053ebfd}|RemoveWWW.dll;"
		Debug.AspNetCompiler.VirtualPath = "/localhost_1846"
		Debug.AspNetCompiler.PhysicalPath = "..\..\..\..\..\..\TeamFoundation\WebProjectMechanics\WebSite\"
		Debug.AspNetCompiler.TargetPath = "PrecompiledWeb\localhost_1846\"
		Debug.AspNetCompiler.Updateable = "true"
		Debug.AspNetCompiler.ForceOverwrite = "true"
		Debug.AspNetCompiler.FixedNames = "false"
		Debug.AspNetCompiler.Debug = "True"
		Release.AspNetCompiler.VirtualPath = "/localhost_1846"
		Release.AspNetCompiler.PhysicalPath = "..\..\..\..\..\..\TeamFoundation\WebProjectMechanics\WebSite\"
		Release.AspNetCompiler.TargetPath = "PrecompiledWeb\localhost_1846\"
		Release.AspNetCompiler.Updateable = "true"
		Release.AspNetCompiler.ForceOverwrite = "true"
		Release.AspNetCompiler.FixedNames = "false"
		Release.AspNetCompiler.Debug = "False"
		SlnRelativePath = "..\..\..\..\..\..\TeamFoundation\WebProjectMechanics\WebSite\"
		DefaultWebSiteLanguage = "Visual Basic"
	EndProjectSection
EndProject
Project("{F184B08F-C81C-45F6-A57F-5ABD9991F28F}") = "WebProjectMechanics", "..\..\..\..\..\..\TeamFoundation\WebProjectMechanics\Projects\WebProjectMechanics\WebProjectMechanics.vbproj", "{DFC8D22E-84D9-4D6A-9D61-E8F1A20E8A17}"
EndProject
Project("{FAE04EC0-301F-11D3-BF4B-00C04F79EFBC}") = "LumenWorks.Framework.IO", "..\..\..\..\..\..\TeamFoundation\WebProjectMechanics\Projects\LumenWorks.Framework.IO\LumenWorks.Framework.IO.csproj", "{E3B83D68-C90C-4874-8E5F-DEC8D038BC7C}"
EndProject
Project("{FAE04EC0-301F-11D3-BF4B-00C04F79EFBC}") = "RssToolkit", "..\..\..\..\..\..\TeamFoundation\WebProjectMechanics\Projects\RssToolkit\RssToolkit.csproj", "{D20EF1B8-0AA6-44D4-9DCB-8C5C406AAD2D}"
EndProject
Project("{F184B08F-C81C-45F6-A57F-5ABD9991F28F}") = "WPMRecipe", "..\..\..\..\..\..\TeamFoundation\WebProjectMechanics\Projects\WPMRecipe\WPMRecipe.vbproj", "{317A159C-13EB-4979-B1AC-AD81A72C2DD0}"
EndProject
Project("{F184B08F-C81C-45F6-A57F-5ABD9991F28F}") = "wpmMineralCollection", "..\..\..\..\..\..\TeamFoundation\WebProjectMechanics\Projects\wpmMineralCollection\wpmMineralCollection.vbproj", "{BC4D92AD-875F-430A-AFA4-B70DA422700F}"
EndProject
Project("{F184B08F-C81C-45F6-A57F-5ABD9991F28F}") = "LINQHelper", "..\..\..\..\..\..\TeamFoundation\WebProjectMechanics\Projects\LINQHelper\LINQHelper.vbproj", "{7A0F4560-3BEA-4487-8575-0852BBB561A6}"
EndProject
Project("{F184B08F-C81C-45F6-A57F-5ABD9991F28F}") = "RemoveWWW", "..\..\..\..\..\..\TeamFoundation\WebProjectMechanics\Projects\RemoveWWW\RemoveWWW.vbproj", "{DE007689-7392-4A0A-A26E-8CEB2053EBFD}"
EndProject
Global
	GlobalSection(TeamFoundationVersionControl) = preSolution
		SccNumberOfProjects = 2
		SccEnterpriseProvider = {4CA58AB2-18FA-4F8D-95D4-32DDF27D184C}
		SccTeamFoundationServer = https://projectmechanics.visualstudio.com/defaultcollection
		SccProjectUniqueName0 = ..\\..\\..\\..\\..\\..\\TeamFoundation\\WebProjectMechanics\\Projects\\LumenWorks.Framework.IO\\LumenWorks.Framework.IO.csproj
		SccProjectName0 = ../../LumenWorks.Framework.IO
		SccAuxPath0 = https://projectmechanics.visualstudio.com/defaultcollection
		SccLocalPath0 = ..\\..\\..\\..\\..\\..\\TeamFoundation\\WebProjectMechanics\\Projects\\LumenWorks.Framework.IO
		SccProvider0 = {4CA58AB2-18FA-4F8D-95D4-32DDF27D184C}
		SccProjectUniqueName1 = ..\\..\\..\\..\\..\\..\\TeamFoundation\\WebProjectMechanics\\Projects\\RssToolkit\\RssToolkit.csproj
		SccProjectName1 = ../../RssToolkit
		SccAuxPath1 = https://projectmechanics.visualstudio.com/defaultcollection
		SccLocalPath1 = ..\\..\\..\\..\\..\\..\\TeamFoundation\\WebProjectMechanics\\Projects\\RssToolkit
		SccProvider1 = {4CA58AB2-18FA-4F8D-95D4-32DDF27D184C}
	EndGlobalSection
	GlobalSection(SolutionConfigurationPlatforms) = preSolution
		Debug|Any CPU = Debug|Any CPU
		Release|Any CPU = Release|Any CPU
	EndGlobalSection
	GlobalSection(ProjectConfigurationPlatforms) = postSolution
		{C47998D1-7CB9-42C3-B043-5DDBB377B013}.Debug|Any CPU.ActiveCfg = Debug|Any CPU
		{C47998D1-7CB9-42C3-B043-5DDBB377B013}.Debug|Any CPU.Build.0 = Debug|Any CPU
		{C47998D1-7CB9-42C3-B043-5DDBB377B013}.Release|Any CPU.ActiveCfg = Debug|Any CPU
		{C47998D1-7CB9-42C3-B043-5DDBB377B013}.Release|Any CPU.Build.0 = Debug|Any CPU
		{DFC8D22E-84D9-4D6A-9D61-E8F1A20E8A17}.Debug|Any CPU.ActiveCfg = Debug|Any CPU
		{DFC8D22E-84D9-4D6A-9D61-E8F1A20E8A17}.Debug|Any CPU.Build.0 = Debug|Any CPU
		{DFC8D22E-84D9-4D6A-9D61-E8F1A20E8A17}.Release|Any CPU.ActiveCfg = Release|Any CPU
		{DFC8D22E-84D9-4D6A-9D61-E8F1A20E8A17}.Release|Any CPU.Build.0 = Release|Any CPU
		{E3B83D68-C90C-4874-8E5F-DEC8D038BC7C}.Debug|Any CPU.ActiveCfg = Debug|Any CPU
		{E3B83D68-C90C-4874-8E5F-DEC8D038BC7C}.Debug|Any CPU.Build.0 = Debug|Any CPU
		{E3B83D68-C90C-4874-8E5F-DEC8D038BC7C}.Release|Any CPU.ActiveCfg = Release|Any CPU
		{E3B83D68-C90C-4874-8E5F-DEC8D038BC7C}.Release|Any CPU.Build.0 = Release|Any CPU
		{D20EF1B8-0AA6-44D4-9DCB-8C5C406AAD2D}.Debug|Any CPU.ActiveCfg = Debug|Any CPU
		{D20EF1B8-0AA6-44D4-9DCB-8C5C406AAD2D}.Debug|Any CPU.Build.0 = Debug|Any CPU
		{D20EF1B8-0AA6-44D4-9DCB-8C5C406AAD2D}.Release|Any CPU.ActiveCfg = Release|Any CPU
		{D20EF1B8-0AA6-44D4-9DCB-8C5C406AAD2D}.Release|Any CPU.Build.0 = Release|Any CPU
		{317A159C-13EB-4979-B1AC-AD81A72C2DD0}.Debug|Any CPU.ActiveCfg = Debug|Any CPU
		{317A159C-13EB-4979-B1AC-AD81A72C2DD0}.Debug|Any CPU.Build.0 = Debug|Any CPU
		{317A159C-13EB-4979-B1AC-AD81A72C2DD0}.Release|Any CPU.ActiveCfg = Release|Any CPU
		{317A159C-13EB-4979-B1AC-AD81A72C2DD0}.Release|Any CPU.Build.0 = Release|Any CPU
		{BC4D92AD-875F-430A-AFA4-B70DA422700F}.Debug|Any CPU.ActiveCfg = Debug|Any CPU
		{BC4D92AD-875F-430A-AFA4-B70DA422700F}.Debug|Any CPU.Build.0 = Debug|Any CPU
		{BC4D92AD-875F-430A-AFA4-B70DA422700F}.Release|Any CPU.ActiveCfg = Release|Any CPU
		{BC4D92AD-875F-430A-AFA4-B70DA422700F}.Release|Any CPU.Build.0 = Release|Any CPU
		{7A0F4560-3BEA-4487-8575-0852BBB561A6}.Debug|Any CPU.ActiveCfg = Debug|Any CPU
		{7A0F4560-3BEA-4487-8575-0852BBB561A6}.Debug|Any CPU.Build.0 = Debug|Any CPU
		{7A0F4560-3BEA-4487-8575-0852BBB561A6}.Release|Any CPU.ActiveCfg = Release|Any CPU
		{7A0F4560-3BEA-4487-8575-0852BBB561A6}.Release|Any CPU.Build.0 = Release|Any CPU
		{DE007689-7392-4A0A-A26E-8CEB2053EBFD}.Debug|Any CPU.ActiveCfg = Debug|Any CPU
		{DE007689-7392-4A0A-A26E-8CEB2053EBFD}.Debug|Any CPU.Build.0 = Debug|Any CPU
		{DE007689-7392-4A0A-A26E-8CEB2053EBFD}.Release|Any CPU.ActiveCfg = Release|Any CPU
		{DE007689-7392-4A0A-A26E-8CEB2053EBFD}.Release|Any CPU.Build.0 = Release|Any CPU
	EndGlobalSection
	GlobalSection(SolutionProperties) = preSolution
		HideSolutionNode = FALSE
	EndGlobalSection
EndGlobal
